
Microsoft Visual Studio Solution File, Format Version 12.00
# Visual Studio Version 17
VisualStudioVersion = 17.4.33110.190
MinimumVisualStudioVersion = 10.0.40219.1
Project("{FAE04EC0-301F-11D3-BF4B-00C04F79EFBC}") = "Bloggie.Web", "Bloggie.Web\Bloggie.Web.csproj", "{3B26AED6-00BA-4AEE-AC39-53295722BA06}"
EndProject
Global
	GlobalSection(SolutionConfigurationPlatforms) = preSolution
		Debug|Any CPU = Debug|Any CPU
		Release|Any CPU = Release|Any CPU
	EndGlobalSection
	GlobalSection(ProjectConfigurationPlatforms) = postSolution
		{3B26AED6-00BA-4AEE-AC39-53295722BA06}.Debug|Any CPU.ActiveCfg = Debug|Any CPU
		{3B26AED6-00BA-4AEE-AC39-53295722BA06}.Debug|Any CPU.Build.0 = Debug|Any CPU
		{3B26AED6-00BA-4AEE-AC39-53295722BA06}.Release|Any CPU.ActiveCfg = Release|Any CPU
		{3B26AED6-00BA-4AEE-AC39-53295722BA06}.Release|Any CPU.Build.0 = Release|Any CPU
	EndGlobalSection
	GlobalSection(SolutionProperties) = preSolution
		HideSolutionNode = FALSE
	EndGlobalSection
	GlobalSection(ExtensibilityGlobals) = postSolution
		SolutionGuid = {94C3EFBF-BD1A-48FB-82AC-8089D7DB917C}
	EndGlobalSection
EndGlobal
